{
    __meta__ = {
        version = "1.0"
    },
    ["windows|x64"] = {
        ["cmake#31fecfc4"] = {
            repo = {
                branch = "master",
                commit = "c64d11db3514f307c0a6b165e2fe1aec49769f40",
                url = "https://gitlab.com/tboox/xmake-repo.git"
            },
            version = "3.27.2-msvc1"
        },
        ["commonlibsse-ng#db6d6aee"] = {
            repo = {
                branch = "master",
                commit = "90a56cf5ae8561f0081a3f0f0e6743c578bcdfd4",
                url = "https://github.com/xmake-io/xmake-repo.git"
            },
            version = "v3.7.0"
        },
        ["fmt#31fecfc4"] = {
            repo = {
                branch = "master",
                commit = "c64d11db3514f307c0a6b165e2fe1aec49769f40",
                url = "https://gitlab.com/tboox/xmake-repo.git"
            },
            version = "10.0.0"
        },
        ["rapidcsv#31fecfc4"] = {
            repo = {
                branch = "master",
                commit = "c64d11db3514f307c0a6b165e2fe1aec49769f40",
                url = "https://gitlab.com/tboox/xmake-repo.git"
            },
            version = "8.50"
        },
        ["spdlog#b06e1130"] = {
            repo = {
                branch = "master",
                commit = "c64d11db3514f307c0a6b165e2fe1aec49769f40",
                url = "https://gitlab.com/tboox/xmake-repo.git"
            },
            version = "v1.12.0"
        },
        ["xbyak#31fecfc4"] = {
            repo = {
                branch = "master",
                commit = "90a56cf5ae8561f0081a3f0f0e6743c578bcdfd4",
                url = "https://github.com/xmake-io/xmake-repo.git"
            },
            version = "v6.73"
        }
    }
}